# This file is autogenerated, do not edit; changes may be undone by the next 'dep ensure'.


[[projects]]
  branch = "master"
  name = "github.com/vecty-material/gojs"
  packages = [
    ".",
    "jsdom"
  ]
  revision = "ec2136c8d5bef18c172f2cabe4f7574e2b2232ea"

[[projects]]
  branch = "master"
  name = "github.com/gopherjs/gopherjs"
  packages = ["js"]
  revision = "8dffc02ea1cb8398bb73f30424697c60fcf8d4c5"

[solve-meta]
  analyzer-name = "dep"
  analyzer-version = 1
  inputs-digest = "6004435f2591adb4360516e3699d86d25e6dce67b800ee1a69e5e21f02cf6085"
  solver-name = "gps-cdcl"
  solver-version = 1
