# This file is autogenerated, do not edit; changes may be undone by the next 'dep ensure'.


[[projects]]
  branch = "master"
  name = "agamigo.io/gojs"
  packages = ["."]
  revision = "ec2136c8d5bef18c172f2cabe4f7574e2b2232ea"

[[projects]]
  branch = "master"
  name = "agamigo.io/material"
  packages = [
    "checkbox",
    "dialog",
    "internal/base"
  ]
  revision = "7e9a709c11240fa7b99fc3e9743d589ea64fd262"

[[projects]]
  name = "github.com/PuerkitoBio/goquery"
  packages = ["."]
  revision = "09540e565986583836b5fc792fe951ec5fd201dd"
  version = "v1.3.0"

[[projects]]
  branch = "master"
  name = "github.com/andybalholm/cascadia"
  packages = ["."]
  revision = "349dd0209470eabd9514242c688c403c0926d266"

[[projects]]
  branch = "master"
  name = "github.com/gopherjs/vecty"
  packages = [
    ".",
    "elem",
    "event",
    "prop"
  ]
  revision = "19a11ec3acc3ae6c2e095b1ace2b7134c5f28c10"

[[projects]]
  branch = "master"
  name = "golang.org/x/net"
  packages = [
    "html",
    "html/atom"
  ]
  revision = "cbe0f9307d0156177f9dd5dc85da1a31abc5f2fb"

[solve-meta]
  analyzer-name = "dep"
  analyzer-version = 1
  inputs-digest = "c09524cd1378ab104936176cfc555a7ddf9645ef9dd4387ed940f2905927e2d9"
  solver-name = "gps-cdcl"
  solver-version = 1
