# This file is autogenerated, do not edit; changes may be undone by the next 'dep ensure'.


[[projects]]
  branch = "master"
  name = "agamigo.io/gojs"
  packages = ["."]
  revision = "ec2136c8d5bef18c172f2cabe4f7574e2b2232ea"

[[projects]]
  branch = "master"
  name = "agamigo.io/material"
  packages = [
    "base",
    "checkbox",
    "dialog",
    "formfield",
    "menu",
    "persistentdrawer",
    "radio",
    "ripple",
    "temporarydrawer",
    "toolbar"
  ]
  revision = "385a4712e74f85d3f1447e2d752774b6e6e078a9"

[[projects]]
  name = "github.com/PuerkitoBio/goquery"
  packages = ["."]
  revision = "a86ea073017a6beddef78c8659e7224e8ca634b0"
  version = "v1.4.0"

[[projects]]
  name = "github.com/andybalholm/cascadia"
  packages = ["."]
  revision = "901648c87902174f774fac311d7f176f8647bdaa"
  version = "v1.0.0"

[[projects]]
  branch = "master"
  name = "github.com/gopherjs/vecty"
  packages = [
    ".",
    "elem",
    "event",
    "prop"
  ]
  revision = "19a11ec3acc3ae6c2e095b1ace2b7134c5f28c10"

[[projects]]
  branch = "master"
  name = "golang.org/x/net"
  packages = [
    "html",
    "html/atom"
  ]
  revision = "6078986fec03a1dcc236c34816c71b0e05018fda"

[solve-meta]
  analyzer-name = "dep"
  analyzer-version = 1
  inputs-digest = "9032b19ecdebb3194240bb1b6f2d7d803a1b23a84b41b57ffed7c6869a432b37"
  solver-name = "gps-cdcl"
  solver-version = 1
