# This file is autogenerated, do not edit; changes may be undone by the next 'dep ensure'.


[[projects]]
  branch = "master"
  name = "agamigo.io/gojs"
  packages = ["."]
  revision = "ec2136c8d5bef18c172f2cabe4f7574e2b2232ea"

[[projects]]
  branch = "master"
  name = "agamigo.io/material"
  packages = [
    "base",
    "checkbox",
    "dialog",
    "formfield",
    "ripple"
  ]
  revision = "5e5824dea4f989b937cfe2bff58fbce379b25c53"

[[projects]]
  name = "github.com/PuerkitoBio/goquery"
  packages = ["."]
  revision = "09540e565986583836b5fc792fe951ec5fd201dd"
  version = "v1.3.0"

[[projects]]
  name = "github.com/andybalholm/cascadia"
  packages = ["."]
  revision = "901648c87902174f774fac311d7f176f8647bdaa"
  version = "v1.0.0"

[[projects]]
  branch = "master"
  name = "github.com/gopherjs/vecty"
  packages = [
    ".",
    "elem",
    "event",
    "prop"
  ]
  revision = "19a11ec3acc3ae6c2e095b1ace2b7134c5f28c10"

[[projects]]
  branch = "master"
  name = "golang.org/x/net"
  packages = [
    "html",
    "html/atom"
  ]
  revision = "d25186b37f34ebdbbea8f488ef055638dfab272d"

[solve-meta]
  analyzer-name = "dep"
  analyzer-version = 1
  inputs-digest = "65536d05138353f693aaa6a3a1054545f0c4d993aa7258568a0f0bd2c19bedb1"
  solver-name = "gps-cdcl"
  solver-version = 1
