# THIS IS AN AUTOGENERATED FILE. DO NOT EDIT THIS FILE DIRECTLY.
# yarn lockfile v1


"@material/animation@^0.25.0":
  version "0.25.0"
  resolved "https://registry.yarnpkg.com/@material/animation/-/animation-0.25.0.tgz#b252ac3d0b628e79a79f0c406d7470fb56352a80"

"@material/auto-init@^0.25.0":
  version "0.25.0"
  resolved "https://registry.yarnpkg.com/@material/auto-init/-/auto-init-0.25.0.tgz#4e1bd1e3d1ca05fd937130dd1f17f5ce2f4584a5"

"@material/base@^0.24.0":
  version "0.24.0"
  resolved "https://registry.yarnpkg.com/@material/base/-/base-0.24.0.tgz#888a61e5b6580e35a66384a9f8823091b4fe7c55"

"@material/base@^0.29.0":
  version "0.29.0"
  resolved "https://registry.yarnpkg.com/@material/base/-/base-0.29.0.tgz#5fac94c45907e38c969130e959722288d4ce06b2"

"@material/button@^0.28.0":
  version "0.28.0"
  resolved "https://registry.yarnpkg.com/@material/button/-/button-0.28.0.tgz#df08fa721686f272b6c6745df556763688b45598"
  dependencies:
    "@material/elevation" "^0.28.0"
    "@material/ripple" "^0.28.0"
    "@material/theme" "^0.28.0"
    "@material/typography" "^0.28.0"

"@material/card@^0.28.0":
  version "0.28.0"
  resolved "https://registry.yarnpkg.com/@material/card/-/card-0.28.0.tgz#47a5886615d889f0217b3a2a64867a79c01a4ebf"
  dependencies:
    "@material/elevation" "^0.28.0"
    "@material/rtl" "^0.1.8"
    "@material/theme" "^0.28.0"
    "@material/typography" "^0.28.0"

"@material/checkbox@^0.28.0":
  version "0.28.0"
  resolved "https://registry.yarnpkg.com/@material/checkbox/-/checkbox-0.28.0.tgz#57f8399bbf581ec9fbc8eba618ae93b6cc7a21f0"
  dependencies:
    "@material/animation" "^0.25.0"
    "@material/base" "^0.24.0"
    "@material/ripple" "^0.28.0"
    "@material/rtl" "^0.1.8"
    "@material/selection-control" "^0.28.0"
    "@material/theme" "^0.28.0"

"@material/checkbox@^0.29.0":
  version "0.29.0"
  resolved "https://registry.yarnpkg.com/@material/checkbox/-/checkbox-0.29.0.tgz#2ccd8cd30fc61cbd172a28001d666a503da58eb5"
  dependencies:
    "@material/animation" "^0.25.0"
    "@material/base" "^0.29.0"
    "@material/ripple" "^0.29.0"
    "@material/rtl" "^0.29.0"
    "@material/selection-control" "^0.29.0"
    "@material/theme" "^0.29.0"

"@material/dialog@^0.28.0":
  version "0.28.0"
  resolved "https://registry.yarnpkg.com/@material/dialog/-/dialog-0.28.0.tgz#2332059a04ea173a551a4c83b8a3198cba66f9de"
  dependencies:
    "@material/animation" "^0.25.0"
    "@material/base" "^0.24.0"
    "@material/elevation" "^0.28.0"
    "@material/ripple" "^0.28.0"
    "@material/rtl" "^0.1.8"
    "@material/theme" "^0.28.0"
    "@material/typography" "^0.1.1"
    focus-trap "^2.3.0"

"@material/drawer@^0.28.0":
  version "0.28.0"
  resolved "https://registry.yarnpkg.com/@material/drawer/-/drawer-0.28.0.tgz#6d0bf8d61c4ac54a666f1603cd9dc9530c838fc6"
  dependencies:
    "@material/animation" "^0.25.0"
    "@material/base" "^0.24.0"
    "@material/elevation" "^0.28.0"
    "@material/rtl" "^0.1.8"
    "@material/theme" "^0.28.0"
    "@material/typography" "^0.28.0"

"@material/elevation@^0.28.0":
  version "0.28.0"
  resolved "https://registry.yarnpkg.com/@material/elevation/-/elevation-0.28.0.tgz#78d3a551b78100d588c457600733ee1c6fd04501"
  dependencies:
    "@material/animation" "^0.25.0"
    "@material/theme" "^0.4.0"

"@material/fab@^0.28.0":
  version "0.28.0"
  resolved "https://registry.yarnpkg.com/@material/fab/-/fab-0.28.0.tgz#a89965fef4848b9f10743c28751b47f40b239849"
  dependencies:
    "@material/animation" "^0.25.0"
    "@material/elevation" "^0.28.0"
    "@material/ripple" "^0.28.0"
    "@material/theme" "^0.28.0"

"@material/form-field@^0.28.0":
  version "0.28.0"
  resolved "https://registry.yarnpkg.com/@material/form-field/-/form-field-0.28.0.tgz#78ea53dccd179dae7af0d5fd6e93f7752c0761da"
  dependencies:
    "@material/base" "^0.24.0"
    "@material/rtl" "^0.1.8"
    "@material/selection-control" "^0.28.0"
    "@material/theme" "^0.28.0"
    "@material/typography" "^0.28.0"

"@material/grid-list@^0.28.0":
  version "0.28.0"
  resolved "https://registry.yarnpkg.com/@material/grid-list/-/grid-list-0.28.0.tgz#dc1533c878f4d6181cb1a7d6fd103c4667da4ffd"
  dependencies:
    "@material/base" "^0.24.0"
    "@material/rtl" "^0.1.8"
    "@material/theme" "^0.28.0"
    "@material/typography" "^0.28.0"

"@material/icon-toggle@^0.28.0":
  version "0.28.0"
  resolved "https://registry.yarnpkg.com/@material/icon-toggle/-/icon-toggle-0.28.0.tgz#dc3719b66e1ec6052002ffcfb4e4818144ff6a51"
  dependencies:
    "@material/animation" "^0.25.0"
    "@material/base" "^0.24.0"
    "@material/ripple" "^0.28.0"
    "@material/theme" "^0.28.0"

"@material/layout-grid@^0.24.0":
  version "0.24.0"
  resolved "https://registry.yarnpkg.com/@material/layout-grid/-/layout-grid-0.24.0.tgz#223d771d755d887807998d96f5996e182ceb640d"

"@material/linear-progress@^0.28.0":
  version "0.28.0"
  resolved "https://registry.yarnpkg.com/@material/linear-progress/-/linear-progress-0.28.0.tgz#c11cbc7502de161a0d0da85c93d6c019c6243a6d"
  dependencies:
    "@material/animation" "^0.25.0"
    "@material/base" "^0.24.0"
    "@material/theme" "^0.28.0"

"@material/list@^0.28.0":
  version "0.28.0"
  resolved "https://registry.yarnpkg.com/@material/list/-/list-0.28.0.tgz#0a00bfe6d66ac1dcc3f4695e18ee0ea37fb7c5bb"
  dependencies:
    "@material/ripple" "^0.28.0"
    "@material/rtl" "^0.1.8"
    "@material/theme" "^0.28.0"
    "@material/typography" "^0.28.0"

"@material/menu@^0.28.0":
  version "0.28.0"
  resolved "https://registry.yarnpkg.com/@material/menu/-/menu-0.28.0.tgz#ddf6d408e54986c5004e62d17e7623be7eb8eaca"
  dependencies:
    "@material/animation" "^0.25.0"
    "@material/base" "^0.24.0"
    "@material/elevation" "^0.28.0"
    "@material/theme" "^0.28.0"
    "@material/typography" "^0.28.0"

"@material/radio@^0.28.0":
  version "0.28.0"
  resolved "https://registry.yarnpkg.com/@material/radio/-/radio-0.28.0.tgz#e6aefdf6f136b676972003c60525d52a48f33702"
  dependencies:
    "@material/animation" "^0.25.0"
    "@material/base" "^0.24.0"
    "@material/ripple" "^0.28.0"
    "@material/selection-control" "^0.28.0"
    "@material/theme" "^0.28.0"

"@material/ripple@^0.28.0":
  version "0.28.0"
  resolved "https://registry.yarnpkg.com/@material/ripple/-/ripple-0.28.0.tgz#c420011d442ec13c88c45b2d688370a49cd08be4"
  dependencies:
    "@material/base" "^0.24.0"
    "@material/theme" "^0.28.0"

"@material/ripple@^0.29.0":
  version "0.29.0"
  resolved "https://registry.yarnpkg.com/@material/ripple/-/ripple-0.29.0.tgz#3cfad8b4a717d69cf1b3ba7ecd065045662733cb"
  dependencies:
    "@material/base" "^0.29.0"
    "@material/theme" "^0.29.0"

"@material/rtl@^0.1.8":
  version "0.1.8"
  resolved "https://registry.yarnpkg.com/@material/rtl/-/rtl-0.1.8.tgz#2462db15e2d4e041666485559c028382872b01fb"

"@material/rtl@^0.29.0":
  version "0.29.0"
  resolved "https://registry.yarnpkg.com/@material/rtl/-/rtl-0.29.0.tgz#a6625b3b880bcdea2af3004e410901a7ff615335"

"@material/select@^0.28.0":
  version "0.28.0"
  resolved "https://registry.yarnpkg.com/@material/select/-/select-0.28.0.tgz#dc1ab88bc6d8b6cde82365adf8fc4c9799018313"
  dependencies:
    "@material/animation" "^0.25.0"
    "@material/base" "^0.24.0"
    "@material/list" "^0.28.0"
    "@material/menu" "^0.28.0"
    "@material/ripple" "^0.28.0"
    "@material/rtl" "^0.1.8"
    "@material/theme" "^0.28.0"
    "@material/typography" "^0.28.0"

"@material/selection-control@^0.28.0":
  version "0.28.0"
  resolved "https://registry.yarnpkg.com/@material/selection-control/-/selection-control-0.28.0.tgz#5b6d555083b5a465b7626dc7b168d1c3ed58b74a"
  dependencies:
    "@material/ripple" "^0.28.0"

"@material/selection-control@^0.29.0":
  version "0.29.0"
  resolved "https://registry.yarnpkg.com/@material/selection-control/-/selection-control-0.29.0.tgz#67711da314a888c2bc443ba404d6924f9ef4d05f"
  dependencies:
    "@material/ripple" "^0.29.0"

"@material/slider@^0.28.0":
  version "0.28.0"
  resolved "https://registry.yarnpkg.com/@material/slider/-/slider-0.28.0.tgz#65ecab6f9ce453c1fb42e20c3b1efbff0b9112a2"
  dependencies:
    "@material/animation" "^0.25.0"
    "@material/base" "^0.24.0"
    "@material/rtl" "^0.1.8"
    "@material/theme" "^0.28.0"

"@material/snackbar@^0.28.0":
  version "0.28.0"
  resolved "https://registry.yarnpkg.com/@material/snackbar/-/snackbar-0.28.0.tgz#ffe3f408e221ba4dd2dfa62908173acfaae683f8"
  dependencies:
    "@material/animation" "^0.25.0"
    "@material/base" "^0.24.0"
    "@material/rtl" "^0.1.8"
    "@material/theme" "^0.28.0"
    "@material/typography" "^0.28.0"

"@material/switch@^0.28.0":
  version "0.28.0"
  resolved "https://registry.yarnpkg.com/@material/switch/-/switch-0.28.0.tgz#7b2f7f9329e416e1607c16dccc27293aecdc1c6a"
  dependencies:
    "@material/animation" "^0.25.0"
    "@material/elevation" "^0.28.0"
    "@material/theme" "^0.28.0"

"@material/tabs@^0.28.0":
  version "0.28.0"
  resolved "https://registry.yarnpkg.com/@material/tabs/-/tabs-0.28.0.tgz#737867e1276ad60defdea4c5e3227e757eb41733"
  dependencies:
    "@material/animation" "^0.25.0"
    "@material/base" "^0.24.0"
    "@material/ripple" "^0.28.0"
    "@material/rtl" "^0.1.8"
    "@material/theme" "^0.28.0"
    "@material/typography" "^0.28.0"

"@material/textfield@^0.28.0":
  version "0.28.0"
  resolved "https://registry.yarnpkg.com/@material/textfield/-/textfield-0.28.0.tgz#775419a5c8ef7abd8283d5be0a1d16d196808fe0"
  dependencies:
    "@material/animation" "^0.25.0"
    "@material/base" "^0.24.0"
    "@material/ripple" "^0.28.0"
    "@material/rtl" "^0.1.8"
    "@material/theme" "^0.28.0"
    "@material/typography" "^0.28.0"

"@material/theme@^0.28.0":
  version "0.28.0"
  resolved "https://registry.yarnpkg.com/@material/theme/-/theme-0.28.0.tgz#dedd6807fcadf9f33fc16c7f4f2a608d4ee51c46"

"@material/theme@^0.29.0":
  version "0.29.0"
  resolved "https://registry.yarnpkg.com/@material/theme/-/theme-0.29.0.tgz#1004bc110e8c9af2b78a3e19a023bca26c45ba51"

"@material/theme@^0.4.0":
  version "0.4.0"
  resolved "https://registry.yarnpkg.com/@material/theme/-/theme-0.4.0.tgz#0aef1a0279b65c15990584fb8b8eca095c734641"

"@material/toolbar@^0.28.0":
  version "0.28.0"
  resolved "https://registry.yarnpkg.com/@material/toolbar/-/toolbar-0.28.0.tgz#d4512ab969a8f0fdc1db6fe4c9fd0ebb1c7286e4"
  dependencies:
    "@material/base" "^0.24.0"
    "@material/elevation" "^0.28.0"
    "@material/rtl" "^0.1.8"
    "@material/theme" "^0.28.0"
    "@material/typography" "^0.28.0"

"@material/typography@^0.1.1":
  version "0.1.1"
  resolved "https://registry.yarnpkg.com/@material/typography/-/typography-0.1.1.tgz#fb2e3437bd3284d39e9fb91485767ade6b2bd0c1"

"@material/typography@^0.28.0":
  version "0.28.0"
  resolved "https://registry.yarnpkg.com/@material/typography/-/typography-0.28.0.tgz#4ae96a852fcd324d61b649adc995326c431fcaea"

focus-trap@^2.3.0:
  version "2.4.2"
  resolved "https://registry.yarnpkg.com/focus-trap/-/focus-trap-2.4.2.tgz#44ea1c55a9c22c2b6529dcebbde6390eb2ee4c88"
  dependencies:
    tabbable "^1.0.3"

material-components-web@^0.28.0:
  version "0.28.0"
  resolved "https://registry.yarnpkg.com/material-components-web/-/material-components-web-0.28.0.tgz#a15f50bda1b48a4f45e1ed40d789f1f79177e8a0"
  dependencies:
    "@material/animation" "^0.25.0"
    "@material/auto-init" "^0.25.0"
    "@material/base" "^0.24.0"
    "@material/button" "^0.28.0"
    "@material/card" "^0.28.0"
    "@material/checkbox" "^0.28.0"
    "@material/dialog" "^0.28.0"
    "@material/drawer" "^0.28.0"
    "@material/elevation" "^0.28.0"
    "@material/fab" "^0.28.0"
    "@material/form-field" "^0.28.0"
    "@material/grid-list" "^0.28.0"
    "@material/icon-toggle" "^0.28.0"
    "@material/layout-grid" "^0.24.0"
    "@material/linear-progress" "^0.28.0"
    "@material/list" "^0.28.0"
    "@material/menu" "^0.28.0"
    "@material/radio" "^0.28.0"
    "@material/ripple" "^0.28.0"
    "@material/rtl" "^0.1.8"
    "@material/select" "^0.28.0"
    "@material/selection-control" "^0.28.0"
    "@material/slider" "^0.28.0"
    "@material/snackbar" "^0.28.0"
    "@material/switch" "^0.28.0"
    "@material/tabs" "^0.28.0"
    "@material/textfield" "^0.28.0"
    "@material/theme" "^0.28.0"
    "@material/toolbar" "^0.28.0"
    "@material/typography" "^0.28.0"

tabbable@^1.0.3:
  version "1.1.2"
  resolved "https://registry.yarnpkg.com/tabbable/-/tabbable-1.1.2.tgz#b171680aea6e0a3e9281ff23532e2e5de11c0d94"
